// !$*UTF8*$!
{
	archiveVersion = 1;
	classes = {
	};
	objectVersion = 56;
	objects = {

/* Begin PBXBuildFile section */
		4706438D288F95E8001BA721 /* UI_622App.swift in Sources */ = {isa = PBXBuildFile; fileRef = 4706438C288F95E8001BA721 /* UI_622App.swift */; };
		4706438F288F95E8001BA721 /* ContentView.swift in Sources */ = {isa = PBXBuildFile; fileRef = 4706438E288F95E8001BA721 /* ContentView.swift */; };
		47064391288F95E9001BA721 /* Assets.xcassets in Resources */ = {isa = PBXBuildFile; fileRef = 47064390288F95E9001BA721 /* Assets.xcassets */; };
		47064394288F95E9001BA721 /* Preview Assets.xcassets in Resources */ = {isa = PBXBuildFile; fileRef = 47064393288F95E9001BA721 /* Preview Assets.xcassets */; };
		4706439E288F95EA001BA721 /* UI_622Tests.swift in Sources */ = {isa = PBXBuildFile; fileRef = 4706439D288F95EA001BA721 /* UI_622Tests.swift */; };
		470643A8288F95EA001BA721 /* UI_622UITests.swift in Sources */ = {isa = PBXBuildFile; fileRef = 470643A7288F95EA001BA721 /* UI_622UITests.swift */; };
		470643AA288F95EA001BA721 /* UI_622UITestsLaunchTests.swift in Sources */ = {isa = PBXBuildFile; fileRef = 470643A9288F95EA001BA721 /* UI_622UITestsLaunchTests.swift */; };
		470643B7288F961C001BA721 /* Party.json in Resources */ = {isa = PBXBuildFile; fileRef = 470643B6288F961C001BA721 /* Party.json */; };
		470643BA288F9639001BA721 /* Lottie in Frameworks */ = {isa = PBXBuildFile; productRef = 470643B9288F9639001BA721 /* Lottie */; };
		470643BD288F964F001BA721 /* Home.swift in Sources */ = {isa = PBXBuildFile; fileRef = 470643BC288F964F001BA721 /* Home.swift */; };
		470643BF288F9666001BA721 /* ScratchCardView.swift in Sources */ = {isa = PBXBuildFile; fileRef = 470643BE288F9666001BA721 /* ScratchCardView.swift */; };
		470643C1288F9675001BA721 /* ResizbleLottieView.swift in Sources */ = {isa = PBXBuildFile; fileRef = 470643C0288F9675001BA721 /* ResizbleLottieView.swift */; };
/* End PBXBuildFile section */

/* Begin PBXContainerItemProxy section */
		4706439A288F95EA001BA721 /* PBXContainerItemProxy */ = {
			isa = PBXContainerItemProxy;
			containerPortal = 47064381288F95E8001BA721 /* Project object */;
			proxyType = 1;
			remoteGlobalIDString = 47064388288F95E8001BA721;
			remoteInfo = "UI-622";
		};
		470643A4288F95EA001BA721 /* PBXContainerItemProxy */ = {
			isa = PBXContainerItemProxy;
			containerPortal = 47064381288F95E8001BA721 /* Project object */;
			proxyType = 1;
			remoteGlobalIDString = 47064388288F95E8001BA721;
			remoteInfo = "UI-622";
		};
/* End PBXContainerItemProxy section */

/* Begin PBXFileReference section */
		47064389288F95E8001BA721 /* UI-622.app */ = {isa = PBXFileReference; explicitFileType = wrapper.application; includeInIndex = 0; path = "UI-622.app"; sourceTree = BUILT_PRODUCTS_DIR; };
		4706438C288F95E8001BA721 /* UI_622App.swift */ = {isa = PBXFileReference; lastKnownFileType = sourcecode.swift; path = UI_622App.swift; sourceTree = "<group>"; };
		4706438E288F95E8001BA721 /* ContentView.swift */ = {isa = PBXFileReference; lastKnownFileType = sourcecode.swift; path = ContentView.swift; sourceTree = "<group>"; };
		47064390288F95E9001BA721 /* Assets.xcassets */ = {isa = PBXFileReference; lastKnownFileType = folder.assetcatalog; path = Assets.xcassets; sourceTree = "<group>"; };
		47064393288F95E9001BA721 /* Preview Assets.xcassets */ = {isa = PBXFileReference; lastKnownFileType = folder.assetcatalog; path = "Preview Assets.xcassets"; sourceTree = "<group>"; };
		47064399288F95EA001BA721 /* UI-622Tests.xctest */ = {isa = PBXFileReference; explicitFileType = wrapper.cfbundle; includeInIndex = 0; path = "UI-622Tests.xctest"; sourceTree = BUILT_PRODUCTS_DIR; };
		4706439D288F95EA001BA721 /* UI_622Tests.swift */ = {isa = PBXFileReference; lastKnownFileType = sourcecode.swift; path = UI_622Tests.swift; sourceTree = "<group>"; };
		470643A3288F95EA001BA721 /* UI-622UITests.xctest */ = {isa = PBXFileReference; explicitFileType = wrapper.cfbundle; includeInIndex = 0; path = "UI-622UITests.xctest"; sourceTree = BUILT_PRODUCTS_DIR; };
		470643A7288F95EA001BA721 /* UI_622UITests.swift */ = {isa = PBXFileReference; lastKnownFileType = sourcecode.swift; path = UI_622UITests.swift; sourceTree = "<group>"; };
		470643A9288F95EA001BA721 /* UI_622UITestsLaunchTests.swift */ = {isa = PBXFileReference; lastKnownFileType = sourcecode.swift; path = UI_622UITestsLaunchTests.swift; sourceTree = "<group>"; };
		470643B6288F961C001BA721 /* Party.json */ = {isa = PBXFileReference; fileEncoding = 4; lastKnownFileType = text.json; path = Party.json; sourceTree = "<group>"; };
		470643BC288F964F001BA721 /* Home.swift */ = {isa = PBXFileReference; lastKnownFileType = sourcecode.swift; path = Home.swift; sourceTree = "<group>"; };
		470643BE288F9666001BA721 /* ScratchCardView.swift */ = {isa = PBXFileReference; lastKnownFileType = sourcecode.swift; path = ScratchCardView.swift; sourceTree = "<group>"; };
		470643C0288F9675001BA721 /* ResizbleLottieView.swift */ = {isa = PBXFileReference; lastKnownFileType = sourcecode.swift; path = ResizbleLottieView.swift; sourceTree = "<group>"; };
/* End PBXFileReference section */

/* Begin PBXFrameworksBuildPhase section */
		47064386288F95E8001BA721 /* Frameworks */ = {
			isa = PBXFrameworksBuildPhase;
			buildActionMask = 2147483647;
			files = (
				470643BA288F9639001BA721 /* Lottie in Frameworks */,
			);
			runOnlyForDeploymentPostprocessing = 0;
		};
		47064396288F95EA001BA721 /* Frameworks */ = {
			isa = PBXFrameworksBuildPhase;
			buildActionMask = 2147483647;
			files = (
			);
			runOnlyForDeploymentPostprocessing = 0;
		};
		470643A0288F95EA001BA721 /* Frameworks */ = {
			isa = PBXFrameworksBuildPhase;
			buildActionMask = 2147483647;
			files = (
			);
			runOnlyForDeploymentPostprocessing = 0;
		};
/* End PBXFrameworksBuildPhase section */

/* Begin PBXGroup section */
		47064380288F95E8001BA721 = {
			isa = PBXGroup;
			children = (
				4706438B288F95E8001BA721 /* UI-622 */,
				4706439C288F95EA001BA721 /* UI-622Tests */,
				470643A6288F95EA001BA721 /* UI-622UITests */,
				4706438A288F95E8001BA721 /* Products */,
			);
			sourceTree = "<group>";
		};
		4706438A288F95E8001BA721 /* Products */ = {
			isa = PBXGroup;
			children = (
				47064389288F95E8001BA721 /* UI-622.app */,
				47064399288F95EA001BA721 /* UI-622Tests.xctest */,
				470643A3288F95EA001BA721 /* UI-622UITests.xctest */,
			);
			name = Products;
			sourceTree = "<group>";
		};
		4706438B288F95E8001BA721 /* UI-622 */ = {
			isa = PBXGroup;
			children = (
				470643BB288F963F001BA721 /* View */,
				470643B6288F961C001BA721 /* Party.json */,
				4706438C288F95E8001BA721 /* UI_622App.swift */,
				4706438E288F95E8001BA721 /* ContentView.swift */,
				47064390288F95E9001BA721 /* Assets.xcassets */,
				47064392288F95E9001BA721 /* Preview Content */,
			);
			path = "UI-622";
			sourceTree = "<group>";
		};
		47064392288F95E9001BA721 /* Preview Content */ = {
			isa = PBXGroup;
			children = (
				47064393288F95E9001BA721 /* Preview Assets.xcassets */,
			);
			path = "Preview Content";
			sourceTree = "<group>";
		};
		4706439C288F95EA001BA721 /* UI-622Tests */ = {
			isa = PBXGroup;
			children = (
				4706439D288F95EA001BA721 /* UI_622Tests.swift */,
			);
			path = "UI-622Tests";
			sourceTree = "<group>";
		};
		470643A6288F95EA001BA721 /* UI-622UITests */ = {
			isa = PBXGroup;
			children = (
				470643A7288F95EA001BA721 /* UI_622UITests.swift */,
				470643A9288F95EA001BA721 /* UI_622UITestsLaunchTests.swift */,
			);
			path = "UI-622UITests";
			sourceTree = "<group>";
		};
		470643BB288F963F001BA721 /* View */ = {
			isa = PBXGroup;
			children = (
				470643BC288F964F001BA721 /* Home.swift */,
				470643BE288F9666001BA721 /* ScratchCardView.swift */,
				470643C0288F9675001BA721 /* ResizbleLottieView.swift */,
			);
			path = View;
			sourceTree = "<group>";
		};
/* End PBXGroup section */

/* Begin PBXNativeTarget section */
		47064388288F95E8001BA721 /* UI-622 */ = {
			isa = PBXNativeTarget;
			buildConfigurationList = 470643AD288F95EA001BA721 /* Build configuration list for PBXNativeTarget "UI-622" */;
			buildPhases = (
				47064385288F95E8001BA721 /* Sources */,
				47064386288F95E8001BA721 /* Frameworks */,
				47064387288F95E8001BA721 /* Resources */,
			);
			buildRules = (
			);
			dependencies = (
			);
			name = "UI-622";
			packageProductDependencies = (
				470643B9288F9639001BA721 /* Lottie */,
			);
			productName = "UI-622";
			productReference = 47064389288F95E8001BA721 /* UI-622.app */;
			productType = "com.apple.product-type.application";
		};
		47064398288F95EA001BA721 /* UI-622Tests */ = {
			isa = PBXNativeTarget;
			buildConfigurationList = 470643B0288F95EA001BA721 /* Build configuration list for PBXNativeTarget "UI-622Tests" */;
			buildPhases = (
				47064395288F95EA001BA721 /* Sources */,
				47064396288F95EA001BA721 /* Frameworks */,
				47064397288F95EA001BA721 /* Resources */,
			);
			buildRules = (
			);
			dependencies = (
				4706439B288F95EA001BA721 /* PBXTargetDependency */,
			);
			name = "UI-622Tests";
			productName = "UI-622Tests";
			productReference = 47064399288F95EA001BA721 /* UI-622Tests.xctest */;
			productType = "com.apple.product-type.bundle.unit-test";
		};
		470643A2288F95EA001BA721 /* UI-622UITests */ = {
			isa = PBXNativeTarget;
			buildConfigurationList = 470643B3288F95EA001BA721 /* Build configuration list for PBXNativeTarget "UI-622UITests" */;
			buildPhases = (
				4706439F288F95EA001BA721 /* Sources */,
				470643A0288F95EA001BA721 /* Frameworks */,
				470643A1288F95EA001BA721 /* Resources */,
			);
			buildRules = (
			);
			dependencies = (
				470643A5288F95EA001BA721 /* PBXTargetDependency */,
			);
			name = "UI-622UITests";
			productName = "UI-622UITests";
			productReference = 470643A3288F95EA001BA721 /* UI-622UITests.xctest */;
			productType = "com.apple.product-type.bundle.ui-testing";
		};
/* End PBXNativeTarget section */

/* Begin PBXProject section */
		47064381288F95E8001BA721 /* Project object */ = {
			isa = PBXProject;
			attributes = {
				BuildIndependentTargetsInParallel = 1;
				LastSwiftUpdateCheck = 1400;
				LastUpgradeCheck = 1400;
				TargetAttributes = {
					47064388288F95E8001BA721 = {
						CreatedOnToolsVersion = 14.0;
					};
					47064398288F95EA001BA721 = {
						CreatedOnToolsVersion = 14.0;
						TestTargetID = 47064388288F95E8001BA721;
					};
					470643A2288F95EA001BA721 = {
						CreatedOnToolsVersion = 14.0;
						TestTargetID = 47064388288F95E8001BA721;
					};
				};
			};
			buildConfigurationList = 47064384288F95E8001BA721 /* Build configuration list for PBXProject "UI-622" */;
			compatibilityVersion = "Xcode 14.0";
			developmentRegion = en;
			hasScannedForEncodings = 0;
			knownRegions = (
				en,
				Base,
			);
			mainGroup = 47064380288F95E8001BA721;
			packageReferences = (
				470643B8288F9639001BA721 /* XCRemoteSwiftPackageReference "lottie-ios" */,
			);
			productRefGroup = 4706438A288F95E8001BA721 /* Products */;
			projectDirPath = "";
			projectRoot = "";
			targets = (
				47064388288F95E8001BA721 /* UI-622 */,
				47064398288F95EA001BA721 /* UI-622Tests */,
				470643A2288F95EA001BA721 /* UI-622UITests */,
			);
		};
/* End PBXProject section */

/* Begin PBXResourcesBuildPhase section */
		47064387288F95E8001BA721 /* Resources */ = {
			isa = PBXResourcesBuildPhase;
			buildActionMask = 2147483647;
			files = (
				47064394288F95E9001BA721 /* Preview Assets.xcassets in Resources */,
				47064391288F95E9001BA721 /* Assets.xcassets in Resources */,
				470643B7288F961C001BA721 /* Party.json in Resources */,
			);
			runOnlyForDeploymentPostprocessing = 0;
		};
		47064397288F95EA001BA721 /* Resources */ = {
			isa = PBXResourcesBuildPhase;
			buildActionMask = 2147483647;
			files = (
			);
			runOnlyForDeploymentPostprocessing = 0;
		};
		470643A1288F95EA001BA721 /* Resources */ = {
			isa = PBXResourcesBuildPhase;
			buildActionMask = 2147483647;
			files = (
			);
			runOnlyForDeploymentPostprocessing = 0;
		};
/* End PBXResourcesBuildPhase section */

/* Begin PBXSourcesBuildPhase section */
		47064385288F95E8001BA721 /* Sources */ = {
			isa = PBXSourcesBuildPhase;
			buildActionMask = 2147483647;
			files = (
				4706438F288F95E8001BA721 /* ContentView.swift in Sources */,
				470643C1288F9675001BA721 /* ResizbleLottieView.swift in Sources */,
				470643BF288F9666001BA721 /* ScratchCardView.swift in Sources */,
				470643BD288F964F001BA721 /* Home.swift in Sources */,
				4706438D288F95E8001BA721 /* UI_622App.swift in Sources */,
			);
			runOnlyForDeploymentPostprocessing = 0;
		};
		47064395288F95EA001BA721 /* Sources */ = {
			isa = PBXSourcesBuildPhase;
			buildActionMask = 2147483647;
			files = (
				4706439E288F95EA001BA721 /* UI_622Tests.swift in Sources */,
			);
			runOnlyForDeploymentPostprocessing = 0;
		};
		4706439F288F95EA001BA721 /* Sources */ = {
			isa = PBXSourcesBuildPhase;
			buildActionMask = 2147483647;
			files = (
				470643A8288F95EA001BA721 /* UI_622UITests.swift in Sources */,
				470643AA288F95EA001BA721 /* UI_622UITestsLaunchTests.swift in Sources */,
			);
			runOnlyForDeploymentPostprocessing = 0;
		};
/* End PBXSourcesBuildPhase section */

/* Begin PBXTargetDependency section */
		4706439B288F95EA001BA721 /* PBXTargetDependency */ = {
			isa = PBXTargetDependency;
			target = 47064388288F95E8001BA721 /* UI-622 */;
			targetProxy = 4706439A288F95EA001BA721 /* PBXContainerItemProxy */;
		};
		470643A5288F95EA001BA721 /* PBXTargetDependency */ = {
			isa = PBXTargetDependency;
			target = 47064388288F95E8001BA721 /* UI-622 */;
			targetProxy = 470643A4288F95EA001BA721 /* PBXContainerItemProxy */;
		};
/* End PBXTargetDependency section */

/* Begin XCBuildConfiguration section */
		470643AB288F95EA001BA721 /* Debug */ = {
			isa = XCBuildConfiguration;
			buildSettings = {
				ALWAYS_SEARCH_USER_PATHS = NO;
				CLANG_ANALYZER_NONNULL = YES;
				CLANG_ANALYZER_NUMBER_OBJECT_CONVERSION = YES_AGGRESSIVE;
				CLANG_CXX_LANGUAGE_STANDARD = "gnu++17";
				CLANG_ENABLE_MODULES = YES;
				CLANG_ENABLE_OBJC_ARC = YES;
				CLANG_ENABLE_OBJC_WEAK = YES;
				CLANG_WARN_BLOCK_CAPTURE_AUTORELEASING = YES;
				CLANG_WARN_BOOL_CONVERSION = YES;
				CLANG_WARN_COMMA = YES;
				CLANG_WARN_CONSTANT_CONVERSION = YES;
				CLANG_WARN_DEPRECATED_OBJC_IMPLEMENTATIONS = YES;
				CLANG_WARN_DIRECT_OBJC_ISA_USAGE = YES_ERROR;
				CLANG_WARN_DOCUMENTATION_COMMENTS = YES;
				CLANG_WARN_EMPTY_BODY = YES;
				CLANG_WARN_ENUM_CONVERSION = YES;
				CLANG_WARN_INFINITE_RECURSION = YES;
				CLANG_WARN_INT_CONVERSION = YES;
				CLANG_WARN_NON_LITERAL_NULL_CONVERSION = YES;
				CLANG_WARN_OBJC_IMPLICIT_RETAIN_SELF = YES;
				CLANG_WARN_OBJC_LITERAL_CONVERSION = YES;
				CLANG_WARN_OBJC_ROOT_CLASS = YES_ERROR;
				CLANG_WARN_QUOTED_INCLUDE_IN_FRAMEWORK_HEADER = YES;
				CLANG_WARN_RANGE_LOOP_ANALYSIS = YES;
				CLANG_WARN_STRICT_PROTOTYPES = YES;
				CLANG_WARN_SUSPICIOUS_MOVE = YES;
				CLANG_WARN_UNGUARDED_AVAILABILITY = YES_AGGRESSIVE;
				CLANG_WARN_UNREACHABLE_CODE = YES;
				CLANG_WARN__DUPLICATE_METHOD_MATCH = YES;
				COPY_PHASE_STRIP = NO;
				DEBUG_INFORMATION_FORMAT = dwarf;
				ENABLE_STRICT_OBJC_MSGSEND = YES;
				ENABLE_TESTABILITY = YES;
				GCC_C_LANGUAGE_STANDARD = gnu11;
				GCC_DYNAMIC_NO_PIC = NO;
				GCC_NO_COMMON_BLOCKS = YES;
				GCC_OPTIMIZATION_LEVEL = 0;
				GCC_PREPROCESSOR_DEFINITIONS = (
					"DEBUG=1",
					"$(inherited)",
				);
				GCC_WARN_64_TO_32_BIT_CONVERSION = YES;
				GCC_WARN_ABOUT_RETURN_TYPE = YES_ERROR;
				GCC_WARN_UNDECLARED_SELECTOR = YES;
				GCC_WARN_UNINITIALIZED_AUTOS = YES_AGGRESSIVE;
				GCC_WARN_UNUSED_FUNCTION = YES;
				GCC_WARN_UNUSED_VARIABLE = YES;
				IPHONEOS_DEPLOYMENT_TARGET = 16.0;
				MTL_ENABLE_DEBUG_INFO = INCLUDE_SOURCE;
				MTL_FAST_MATH = YES;
				ONLY_ACTIVE_ARCH = YES;
				SDKROOT = iphoneos;
				SWIFT_ACTIVE_COMPILATION_CONDITIONS = DEBUG;
				SWIFT_OPTIMIZATION_LEVEL = "-Onone";
			};
			name = Debug;
		};
		470643AC288F95EA001BA721 /* Release */ = {
			isa = XCBuildConfiguration;
			buildSettings = {
				ALWAYS_SEARCH_USER_PATHS = NO;
				CLANG_ANALYZER_NONNULL = YES;
				CLANG_ANALYZER_NUMBER_OBJECT_CONVERSION = YES_AGGRESSIVE;
				CLANG_CXX_LANGUAGE_STANDARD = "gnu++17";
				CLANG_ENABLE_MODULES = YES;
				CLANG_ENABLE_OBJC_ARC = YES;
				CLANG_ENABLE_OBJC_WEAK = YES;
				CLANG_WARN_BLOCK_CAPTURE_AUTORELEASING = YES;
				CLANG_WARN_BOOL_CONVERSION = YES;
				CLANG_WARN_COMMA = YES;
				CLANG_WARN_CONSTANT_CONVERSION = YES;
				CLANG_WARN_DEPRECATED_OBJC_IMPLEMENTATIONS = YES;
				CLANG_WARN_DIRECT_OBJC_ISA_USAGE = YES_ERROR;
				CLANG_WARN_DOCUMENTATION_COMMENTS = YES;
				CLANG_WARN_EMPTY_BODY = YES;
				CLANG_WARN_ENUM_CONVERSION = YES;
				CLANG_WARN_INFINITE_RECURSION = YES;
				CLANG_WARN_INT_CONVERSION = YES;
				CLANG_WARN_NON_LITERAL_NULL_CONVERSION = YES;
				CLANG_WARN_OBJC_IMPLICIT_RETAIN_SELF = YES;
				CLANG_WARN_OBJC_LITERAL_CONVERSION = YES;
				CLANG_WARN_OBJC_ROOT_CLASS = YES_ERROR;
				CLANG_WARN_QUOTED_INCLUDE_IN_FRAMEWORK_HEADER = YES;
				CLANG_WARN_RANGE_LOOP_ANALYSIS = YES;
				CLANG_WARN_STRICT_PROTOTYPES = YES;
				CLANG_WARN_SUSPICIOUS_MOVE = YES;
				CLANG_WARN_UNGUARDED_AVAILABILITY = YES_AGGRESSIVE;
				CLANG_WARN_UNREACHABLE_CODE = YES;
				CLANG_WARN__DUPLICATE_METHOD_MATCH = YES;
				COPY_PHASE_STRIP = NO;
				DEBUG_INFORMATION_FORMAT = "dwarf-with-dsym";
				ENABLE_NS_ASSERTIONS = NO;
				ENABLE_STRICT_OBJC_MSGSEND = YES;
				GCC_C_LANGUAGE_STANDARD = gnu11;
				GCC_NO_COMMON_BLOCKS = YES;
				GCC_WARN_64_TO_32_BIT_CONVERSION = YES;
				GCC_WARN_ABOUT_RETURN_TYPE = YES_ERROR;
				GCC_WARN_UNDECLARED_SELECTOR = YES;
				GCC_WARN_UNINITIALIZED_AUTOS = YES_AGGRESSIVE;
				GCC_WARN_UNUSED_FUNCTION = YES;
				GCC_WARN_UNUSED_VARIABLE = YES;
				IPHONEOS_DEPLOYMENT_TARGET = 16.0;
				MTL_ENABLE_DEBUG_INFO = NO;
				MTL_FAST_MATH = YES;
				SDKROOT = iphoneos;
				SWIFT_COMPILATION_MODE = wholemodule;
				SWIFT_OPTIMIZATION_LEVEL = "-O";
				VALIDATE_PRODUCT = YES;
			};
			name = Release;
		};
		470643AE288F95EA001BA721 /* Debug */ = {
			isa = XCBuildConfiguration;
			buildSettings = {
				ASSETCATALOG_COMPILER_APPICON_NAME = AppIcon;
				ASSETCATALOG_COMPILER_GLOBAL_ACCENT_COLOR_NAME = AccentColor;
				CODE_SIGN_STYLE = Automatic;
				CURRENT_PROJECT_VERSION = 1;
				DEVELOPMENT_ASSET_PATHS = "\"UI-622/Preview Content\"";
				DEVELOPMENT_TEAM = 8CL4U468K5;
				ENABLE_PREVIEWS = YES;
				GENERATE_INFOPLIST_FILE = YES;
				INFOPLIST_KEY_UIApplicationSceneManifest_Generation = YES;
				INFOPLIST_KEY_UIApplicationSupportsIndirectInputEvents = YES;
				INFOPLIST_KEY_UILaunchScreen_Generation = YES;
				INFOPLIST_KEY_UISupportedInterfaceOrientations_iPad = "UIInterfaceOrientationPortrait UIInterfaceOrientationPortraitUpsideDown UIInterfaceOrientationLandscapeLeft UIInterfaceOrientationLandscapeRight";
				INFOPLIST_KEY_UISupportedInterfaceOrientations_iPhone = "UIInterfaceOrientationPortrait UIInterfaceOrientationLandscapeLeft UIInterfaceOrientationLandscapeRight";
				LD_RUNPATH_SEARCH_PATHS = (
					"$(inherited)",
					"@executable_path/Frameworks",
				);
				MARKETING_VERSION = 1.0;
				PRODUCT_BUNDLE_IDENTIFIER = "com.585.UI-622";
				PRODUCT_NAME = "$(TARGET_NAME)";
				SWIFT_EMIT_LOC_STRINGS = YES;
				SWIFT_VERSION = 5.0;
				TARGETED_DEVICE_FAMILY = "1,2";
			};
			name = Debug;
		};
		470643AF288F95EA001BA721 /* Release */ = {
			isa = XCBuildConfiguration;
			buildSettings = {
				ASSETCATALOG_COMPILER_APPICON_NAME = AppIcon;
				ASSETCATALOG_COMPILER_GLOBAL_ACCENT_COLOR_NAME = AccentColor;
				CODE_SIGN_STYLE = Automatic;
				CURRENT_PROJECT_VERSION = 1;
				DEVELOPMENT_ASSET_PATHS = "\"UI-622/Preview Content\"";
				DEVELOPMENT_TEAM = 8CL4U468K5;
				ENABLE_PREVIEWS = YES;
				GENERATE_INFOPLIST_FILE = YES;
				INFOPLIST_KEY_UIApplicationSceneManifest_Generation = YES;
				INFOPLIST_KEY_UIApplicationSupportsIndirectInputEvents = YES;
				INFOPLIST_KEY_UILaunchScreen_Generation = YES;
				INFOPLIST_KEY_UISupportedInterfaceOrientations_iPad = "UIInterfaceOrientationPortrait UIInterfaceOrientationPortraitUpsideDown UIInterfaceOrientationLandscapeLeft UIInterfaceOrientationLandscapeRight";
				INFOPLIST_KEY_UISupportedInterfaceOrientations_iPhone = "UIInterfaceOrientationPortrait UIInterfaceOrientationLandscapeLeft UIInterfaceOrientationLandscapeRight";
				LD_RUNPATH_SEARCH_PATHS = (
					"$(inherited)",
					"@executable_path/Frameworks",
				);
				MARKETING_VERSION = 1.0;
				PRODUCT_BUNDLE_IDENTIFIER = "com.585.UI-622";
				PRODUCT_NAME = "$(TARGET_NAME)";
				SWIFT_EMIT_LOC_STRINGS = YES;
				SWIFT_VERSION = 5.0;
				TARGETED_DEVICE_FAMILY = "1,2";
			};
			name = Release;
		};
		470643B1288F95EA001BA721 /* Debug */ = {
			isa = XCBuildConfiguration;
			buildSettings = {
				ALWAYS_EMBED_SWIFT_STANDARD_LIBRARIES = YES;
				BUNDLE_LOADER = "$(TEST_HOST)";
				CODE_SIGN_STYLE = Automatic;
				CURRENT_PROJECT_VERSION = 1;
				DEVELOPMENT_TEAM = 8CL4U468K5;
				GENERATE_INFOPLIST_FILE = YES;
				IPHONEOS_DEPLOYMENT_TARGET = 16.0;
				MARKETING_VERSION = 1.0;
				PRODUCT_BUNDLE_IDENTIFIER = "com.585.UI-622Tests";
				PRODUCT_NAME = "$(TARGET_NAME)";
				SWIFT_EMIT_LOC_STRINGS = NO;
				SWIFT_VERSION = 5.0;
				TARGETED_DEVICE_FAMILY = "1,2";
				TEST_HOST = "$(BUILT_PRODUCTS_DIR)/UI-622.app/$(BUNDLE_EXECUTABLE_FOLDER_PATH)/UI-622";
			};
			name = Debug;
		};
		470643B2288F95EA001BA721 /* Release */ = {
			isa = XCBuildConfiguration;
			buildSettings = {
				ALWAYS_EMBED_SWIFT_STANDARD_LIBRARIES = YES;
				BUNDLE_LOADER = "$(TEST_HOST)";
				CODE_SIGN_STYLE = Automatic;
				CURRENT_PROJECT_VERSION = 1;
				DEVELOPMENT_TEAM = 8CL4U468K5;
				GENERATE_INFOPLIST_FILE = YES;
				IPHONEOS_DEPLOYMENT_TARGET = 16.0;
				MARKETING_VERSION = 1.0;
				PRODUCT_BUNDLE_IDENTIFIER = "com.585.UI-622Tests";
				PRODUCT_NAME = "$(TARGET_NAME)";
				SWIFT_EMIT_LOC_STRINGS = NO;
				SWIFT_VERSION = 5.0;
				TARGETED_DEVICE_FAMILY = "1,2";
				TEST_HOST = "$(BUILT_PRODUCTS_DIR)/UI-622.app/$(BUNDLE_EXECUTABLE_FOLDER_PATH)/UI-622";
			};
			name = Release;
		};
		470643B4288F95EA001BA721 /* Debug */ = {
			isa = XCBuildConfiguration;
			buildSettings = {
				ALWAYS_EMBED_SWIFT_STANDARD_LIBRARIES = YES;
				CODE_SIGN_STYLE = Automatic;
				CURRENT_PROJECT_VERSION = 1;
				DEVELOPMENT_TEAM = 8CL4U468K5;
				GENERATE_INFOPLIST_FILE = YES;
				MARKETING_VERSION = 1.0;
				PRODUCT_BUNDLE_IDENTIFIER = "com.585.UI-622UITests";
				PRODUCT_NAME = "$(TARGET_NAME)";
				SWIFT_EMIT_LOC_STRINGS = NO;
				SWIFT_VERSION = 5.0;
				TARGETED_DEVICE_FAMILY = "1,2";
				TEST_TARGET_NAME = "UI-622";
			};
			name = Debug;
		};
		470643B5288F95EA001BA721 /* Release */ = {
			isa = XCBuildConfiguration;
			buildSettings = {
				ALWAYS_EMBED_SWIFT_STANDARD_LIBRARIES = YES;
				CODE_SIGN_STYLE = Automatic;
				CURRENT_PROJECT_VERSION = 1;
				DEVELOPMENT_TEAM = 8CL4U468K5;
				GENERATE_INFOPLIST_FILE = YES;
				MARKETING_VERSION = 1.0;
				PRODUCT_BUNDLE_IDENTIFIER = "com.585.UI-622UITests";
				PRODUCT_NAME = "$(TARGET_NAME)";
				SWIFT_EMIT_LOC_STRINGS = NO;
				SWIFT_VERSION = 5.0;
				TARGETED_DEVICE_FAMILY = "1,2";
				TEST_TARGET_NAME = "UI-622";
			};
			name = Release;
		};
/* End XCBuildConfiguration section */

/* Begin XCConfigurationList section */
		47064384288F95E8001BA721 /* Build configuration list for PBXProject "UI-622" */ = {
			isa = XCConfigurationList;
			buildConfigurations = (
				470643AB288F95EA001BA721 /* Debug */,
				470643AC288F95EA001BA721 /* Release */,
			);
			defaultConfigurationIsVisible = 0;
			defaultConfigurationName = Release;
		};
		470643AD288F95EA001BA721 /* Build configuration list for PBXNativeTarget "UI-622" */ = {
			isa = XCConfigurationList;
			buildConfigurations = (
				470643AE288F95EA001BA721 /* Debug */,
				470643AF288F95EA001BA721 /* Release */,
			);
			defaultConfigurationIsVisible = 0;
			defaultConfigurationName = Release;
		};
		470643B0288F95EA001BA721 /* Build configuration list for PBXNativeTarget "UI-622Tests" */ = {
			isa = XCConfigurationList;
			buildConfigurations = (
				470643B1288F95EA001BA721 /* Debug */,
				470643B2288F95EA001BA721 /* Release */,
			);
			defaultConfigurationIsVisible = 0;
			defaultConfigurationName = Release;
		};
		470643B3288F95EA001BA721 /* Build configuration list for PBXNativeTarget "UI-622UITests" */ = {
			isa = XCConfigurationList;
			buildConfigurations = (
				470643B4288F95EA001BA721 /* Debug */,
				470643B5288F95EA001BA721 /* Release */,
			);
			defaultConfigurationIsVisible = 0;
			defaultConfigurationName = Release;
		};
/* End XCConfigurationList section */

/* Begin XCRemoteSwiftPackageReference section */
		470643B8288F9639001BA721 /* XCRemoteSwiftPackageReference "lottie-ios" */ = {
			isa = XCRemoteSwiftPackageReference;
			repositoryURL = "https://github.com/airbnb/lottie-ios.git";
			requirement = {
				kind = upToNextMajorVersion;
				minimumVersion = 3.0.0;
			};
		};
/* End XCRemoteSwiftPackageReference section */

/* Begin XCSwiftPackageProductDependency section */
		470643B9288F9639001BA721 /* Lottie */ = {
			isa = XCSwiftPackageProductDependency;
			package = 470643B8288F9639001BA721 /* XCRemoteSwiftPackageReference "lottie-ios" */;
			productName = Lottie;
		};
/* End XCSwiftPackageProductDependency section */
	};
	rootObject = 47064381288F95E8001BA721 /* Project object */;
}
